Microsoft Visual Studio Solution File, Format Version 10.00
# Visual Studio 2008
Project("{8BC9CEB8-8B4A-11D0-8D11-00A0C91BC942}") = "USOEdit", "USOEdit\USOEdit.vcproj", "{8FE88CF6-15E8-4CDD-82B9-BF131888F898}"
	ProjectSection(ProjectDependencies) = postProject
		{91126404-C4E5-47CA-9B3C-C13CC341518E} = {91126404-C4E5-47CA-9B3C-C13CC341518E}
		{78424708-1F6E-4D4B-920C-FB6D26847055} = {78424708-1F6E-4D4B-920C-FB6D26847055}
		{F4126B50-6B57-4B34-A58A-987D6B4219C8} = {F4126B50-6B57-4B34-A58A-987D6B4219C8}
		{4C55A45C-EC01-4531-9440-D042CC1BF8A5} = {4C55A45C-EC01-4531-9440-D042CC1BF8A5}
		{D7E49994-599F-4180-94BE-384311E2544C} = {D7E49994-599F-4180-94BE-384311E2544C}
	EndProjectSection
EndProject
Project("{8BC9CEB8-8B4A-11D0-8D11-00A0C91BC942}") = "Utils", "..\Libs\Utils\Utils.vcproj", "{F4126B50-6B57-4B34-A58A-987D6B4219C8}"
EndProject
Project("{8BC9CEB8-8B4A-11D0-8D11-00A0C91BC942}") = "D3DLib", "..\Libs\D3DLib\D3DLib.vcproj", "{4C55A45C-EC01-4531-9440-D042CC1BF8A5}"
EndProject
Project("{8BC9CEB8-8B4A-11D0-8D11-00A0C91BC942}") = "D3DGUI", "..\Libs\D3DGUI\D3DGUI.vcproj", "{91126404-C4E5-47CA-9B3C-C13CC341518E}"
EndProject
Project("{8BC9CEB8-8B4A-11D0-8D11-00A0C91BC942}") = "MFCExtensionLib", "..\Libs\MFCExtensionLib\MFCExtensionLib.vcproj", "{D7E49994-599F-4180-94BE-384311E2544C}"
EndProject
Project("{8BC9CEB8-8B4A-11D0-8D11-00A0C91BC942}") = "StormLib", "..\Libs\StormLib\StormLib.vcproj", "{78424708-1F6E-4D4B-920C-FB6D26847055}"
EndProject
Global
	GlobalSection(SubversionScc) = preSolution
		Svn-Managed = True
		Manager = AnkhSVN - Subversion Support for Visual Studio
	EndGlobalSection
	GlobalSection(SolutionConfigurationPlatforms) = preSolution
		Debug|Win32 = Debug|Win32
		Debug|x64 = Debug|x64
		DebugAD|Win32 = DebugAD|Win32
		DebugAD|x64 = DebugAD|x64
		DebugAS|Win32 = DebugAS|Win32
		DebugAS|x64 = DebugAS|x64
		DebugUnicode|Win32 = DebugUnicode|Win32
		DebugUnicode|x64 = DebugUnicode|x64
		Release|Win32 = Release|Win32
		Release|x64 = Release|x64
		ReleaseAD|Win32 = ReleaseAD|Win32
		ReleaseAD|x64 = ReleaseAD|x64
		ReleaseAS|Win32 = ReleaseAS|Win32
		ReleaseAS|x64 = ReleaseAS|x64
	EndGlobalSection
	GlobalSection(ProjectConfigurationPlatforms) = postSolution
		{8FE88CF6-15E8-4CDD-82B9-BF131888F898}.Debug|Win32.ActiveCfg = Debug|Win32
		{8FE88CF6-15E8-4CDD-82B9-BF131888F898}.Debug|Win32.Build.0 = Debug|Win32
		{8FE88CF6-15E8-4CDD-82B9-BF131888F898}.Debug|x64.ActiveCfg = Debug|Win32
		{8FE88CF6-15E8-4CDD-82B9-BF131888F898}.DebugAD|Win32.ActiveCfg = Debug|Win32
		{8FE88CF6-15E8-4CDD-82B9-BF131888F898}.DebugAD|Win32.Build.0 = Debug|Win32
		{8FE88CF6-15E8-4CDD-82B9-BF131888F898}.DebugAD|x64.ActiveCfg = Debug|Win32
		{8FE88CF6-15E8-4CDD-82B9-BF131888F898}.DebugAS|Win32.ActiveCfg = Debug|Win32
		{8FE88CF6-15E8-4CDD-82B9-BF131888F898}.DebugAS|Win32.Build.0 = Debug|Win32
		{8FE88CF6-15E8-4CDD-82B9-BF131888F898}.DebugAS|x64.ActiveCfg = Debug|Win32
		{8FE88CF6-15E8-4CDD-82B9-BF131888F898}.DebugUnicode|Win32.ActiveCfg = DebugUnicode|Win32
		{8FE88CF6-15E8-4CDD-82B9-BF131888F898}.DebugUnicode|Win32.Build.0 = DebugUnicode|Win32
		{8FE88CF6-15E8-4CDD-82B9-BF131888F898}.DebugUnicode|x64.ActiveCfg = DebugUnicode|Win32
		{8FE88CF6-15E8-4CDD-82B9-BF131888F898}.Release|Win32.ActiveCfg = Release|Win32
		{8FE88CF6-15E8-4CDD-82B9-BF131888F898}.Release|Win32.Build.0 = Release|Win32
		{8FE88CF6-15E8-4CDD-82B9-BF131888F898}.Release|x64.ActiveCfg = Release|Win32
		{8FE88CF6-15E8-4CDD-82B9-BF131888F898}.ReleaseAD|Win32.ActiveCfg = Release|Win32
		{8FE88CF6-15E8-4CDD-82B9-BF131888F898}.ReleaseAD|Win32.Build.0 = Release|Win32
		{8FE88CF6-15E8-4CDD-82B9-BF131888F898}.ReleaseAD|x64.ActiveCfg = Release|Win32
		{8FE88CF6-15E8-4CDD-82B9-BF131888F898}.ReleaseAS|Win32.ActiveCfg = Release|Win32
		{8FE88CF6-15E8-4CDD-82B9-BF131888F898}.ReleaseAS|Win32.Build.0 = Release|Win32
		{8FE88CF6-15E8-4CDD-82B9-BF131888F898}.ReleaseAS|x64.ActiveCfg = Release|Win32
		{F4126B50-6B57-4B34-A58A-987D6B4219C8}.Debug|Win32.ActiveCfg = Debug|Win32
		{F4126B50-6B57-4B34-A58A-987D6B4219C8}.Debug|Win32.Build.0 = Debug|Win32
		{F4126B50-6B57-4B34-A58A-987D6B4219C8}.Debug|x64.ActiveCfg = Debug|Win32
		{F4126B50-6B57-4B34-A58A-987D6B4219C8}.DebugAD|Win32.ActiveCfg = Debug|Win32
		{F4126B50-6B57-4B34-A58A-987D6B4219C8}.DebugAD|Win32.Build.0 = Debug|Win32
		{F4126B50-6B57-4B34-A58A-987D6B4219C8}.DebugAD|x64.ActiveCfg = Debug|Win32
		{F4126B50-6B57-4B34-A58A-987D6B4219C8}.DebugAS|Win32.ActiveCfg = Debug|Win32
		{F4126B50-6B57-4B34-A58A-987D6B4219C8}.DebugAS|Win32.Build.0 = Debug|Win32
		{F4126B50-6B57-4B34-A58A-987D6B4219C8}.DebugAS|x64.ActiveCfg = Debug|Win32
		{F4126B50-6B57-4B34-A58A-987D6B4219C8}.DebugUnicode|Win32.ActiveCfg = DebugUnicode|Win32
		{F4126B50-6B57-4B34-A58A-987D6B4219C8}.DebugUnicode|Win32.Build.0 = DebugUnicode|Win32
		{F4126B50-6B57-4B34-A58A-987D6B4219C8}.DebugUnicode|x64.ActiveCfg = DebugUnicode|Win32
		{F4126B50-6B57-4B34-A58A-987D6B4219C8}.Release|Win32.ActiveCfg = Release|Win32
		{F4126B50-6B57-4B34-A58A-987D6B4219C8}.Release|Win32.Build.0 = Release|Win32
		{F4126B50-6B57-4B34-A58A-987D6B4219C8}.Release|x64.ActiveCfg = Release|Win32
		{F4126B50-6B57-4B34-A58A-987D6B4219C8}.ReleaseAD|Win32.ActiveCfg = Release|Win32
		{F4126B50-6B57-4B34-A58A-987D6B4219C8}.ReleaseAD|Win32.Build.0 = Release|Win32
		{F4126B50-6B57-4B34-A58A-987D6B4219C8}.ReleaseAD|x64.ActiveCfg = Release|Win32
		{F4126B50-6B57-4B34-A58A-987D6B4219C8}.ReleaseAS|Win32.ActiveCfg = Release|Win32
		{F4126B50-6B57-4B34-A58A-987D6B4219C8}.ReleaseAS|Win32.Build.0 = Release|Win32
		{F4126B50-6B57-4B34-A58A-987D6B4219C8}.ReleaseAS|x64.ActiveCfg = Release|Win32
		{4C55A45C-EC01-4531-9440-D042CC1BF8A5}.Debug|Win32.ActiveCfg = Debug|Win32
		{4C55A45C-EC01-4531-9440-D042CC1BF8A5}.Debug|Win32.Build.0 = Debug|Win32
		{4C55A45C-EC01-4531-9440-D042CC1BF8A5}.Debug|x64.ActiveCfg = Debug|Win32
		{4C55A45C-EC01-4531-9440-D042CC1BF8A5}.DebugAD|Win32.ActiveCfg = Debug|Win32
		{4C55A45C-EC01-4531-9440-D042CC1BF8A5}.DebugAD|Win32.Build.0 = Debug|Win32
		{4C55A45C-EC01-4531-9440-D042CC1BF8A5}.DebugAD|x64.ActiveCfg = Debug|Win32
		{4C55A45C-EC01-4531-9440-D042CC1BF8A5}.DebugAS|Win32.ActiveCfg = Debug|Win32
		{4C55A45C-EC01-4531-9440-D042CC1BF8A5}.DebugAS|Win32.Build.0 = Debug|Win32
		{4C55A45C-EC01-4531-9440-D042CC1BF8A5}.DebugAS|x64.ActiveCfg = Debug|Win32
		{4C55A45C-EC01-4531-9440-D042CC1BF8A5}.DebugUnicode|Win32.ActiveCfg = DebugUnicode|Win32
		{4C55A45C-EC01-4531-9440-D042CC1BF8A5}.DebugUnicode|Win32.Build.0 = DebugUnicode|Win32
		{4C55A45C-EC01-4531-9440-D042CC1BF8A5}.DebugUnicode|x64.ActiveCfg = DebugUnicode|Win32
		{4C55A45C-EC01-4531-9440-D042CC1BF8A5}.Release|Win32.ActiveCfg = Release|Win32
		{4C55A45C-EC01-4531-9440-D042CC1BF8A5}.Release|Win32.Build.0 = Release|Win32
		{4C55A45C-EC01-4531-9440-D042CC1BF8A5}.Release|x64.ActiveCfg = Release|Win32
		{4C55A45C-EC01-4531-9440-D042CC1BF8A5}.ReleaseAD|Win32.ActiveCfg = Release|Win32
		{4C55A45C-EC01-4531-9440-D042CC1BF8A5}.ReleaseAD|Win32.Build.0 = Release|Win32
		{4C55A45C-EC01-4531-9440-D042CC1BF8A5}.ReleaseAD|x64.ActiveCfg = Release|Win32
		{4C55A45C-EC01-4531-9440-D042CC1BF8A5}.ReleaseAS|Win32.ActiveCfg = Release|Win32
		{4C55A45C-EC01-4531-9440-D042CC1BF8A5}.ReleaseAS|Win32.Build.0 = Release|Win32
		{4C55A45C-EC01-4531-9440-D042CC1BF8A5}.ReleaseAS|x64.ActiveCfg = Release|Win32
		{91126404-C4E5-47CA-9B3C-C13CC341518E}.Debug|Win32.ActiveCfg = Debug|Win32
		{91126404-C4E5-47CA-9B3C-C13CC341518E}.Debug|Win32.Build.0 = Debug|Win32
		{91126404-C4E5-47CA-9B3C-C13CC341518E}.Debug|x64.ActiveCfg = Debug|Win32
		{91126404-C4E5-47CA-9B3C-C13CC341518E}.DebugAD|Win32.ActiveCfg = Debug|Win32
		{91126404-C4E5-47CA-9B3C-C13CC341518E}.DebugAD|Win32.Build.0 = Debug|Win32
		{91126404-C4E5-47CA-9B3C-C13CC341518E}.DebugAD|x64.ActiveCfg = Debug|Win32
		{91126404-C4E5-47CA-9B3C-C13CC341518E}.DebugAS|Win32.ActiveCfg = Debug|Win32
		{91126404-C4E5-47CA-9B3C-C13CC341518E}.DebugAS|Win32.Build.0 = Debug|Win32
		{91126404-C4E5-47CA-9B3C-C13CC341518E}.DebugAS|x64.ActiveCfg = Debug|Win32
		{91126404-C4E5-47CA-9B3C-C13CC341518E}.DebugUnicode|Win32.ActiveCfg = DebugUnicode|Win32
		{91126404-C4E5-47CA-9B3C-C13CC341518E}.DebugUnicode|Win32.Build.0 = DebugUnicode|Win32
		{91126404-C4E5-47CA-9B3C-C13CC341518E}.DebugUnicode|x64.ActiveCfg = DebugUnicode|Win32
		{91126404-C4E5-47CA-9B3C-C13CC341518E}.Release|Win32.ActiveCfg = Release|Win32
		{91126404-C4E5-47CA-9B3C-C13CC341518E}.Release|Win32.Build.0 = Release|Win32
		{91126404-C4E5-47CA-9B3C-C13CC341518E}.Release|x64.ActiveCfg = Release|Win32
		{91126404-C4E5-47CA-9B3C-C13CC341518E}.ReleaseAD|Win32.ActiveCfg = Release|Win32
		{91126404-C4E5-47CA-9B3C-C13CC341518E}.ReleaseAD|Win32.Build.0 = Release|Win32
		{91126404-C4E5-47CA-9B3C-C13CC341518E}.ReleaseAD|x64.ActiveCfg = Release|Win32
		{91126404-C4E5-47CA-9B3C-C13CC341518E}.ReleaseAS|Win32.ActiveCfg = Release|Win32
		{91126404-C4E5-47CA-9B3C-C13CC341518E}.ReleaseAS|Win32.Build.0 = Release|Win32
		{91126404-C4E5-47CA-9B3C-C13CC341518E}.ReleaseAS|x64.ActiveCfg = Release|Win32
		{D7E49994-599F-4180-94BE-384311E2544C}.Debug|Win32.ActiveCfg = Debug|Win32
		{D7E49994-599F-4180-94BE-384311E2544C}.Debug|Win32.Build.0 = Debug|Win32
		{D7E49994-599F-4180-94BE-384311E2544C}.Debug|x64.ActiveCfg = Debug|Win32
		{D7E49994-599F-4180-94BE-384311E2544C}.DebugAD|Win32.ActiveCfg = Debug|Win32
		{D7E49994-599F-4180-94BE-384311E2544C}.DebugAD|Win32.Build.0 = Debug|Win32
		{D7E49994-599F-4180-94BE-384311E2544C}.DebugAD|x64.ActiveCfg = Debug|Win32
		{D7E49994-599F-4180-94BE-384311E2544C}.DebugAS|Win32.ActiveCfg = Debug|Win32
		{D7E49994-599F-4180-94BE-384311E2544C}.DebugAS|Win32.Build.0 = Debug|Win32
		{D7E49994-599F-4180-94BE-384311E2544C}.DebugAS|x64.ActiveCfg = Debug|Win32
		{D7E49994-599F-4180-94BE-384311E2544C}.DebugUnicode|Win32.ActiveCfg = DebugUnicode|Win32
		{D7E49994-599F-4180-94BE-384311E2544C}.DebugUnicode|Win32.Build.0 = DebugUnicode|Win32
		{D7E49994-599F-4180-94BE-384311E2544C}.DebugUnicode|x64.ActiveCfg = DebugUnicode|Win32
		{D7E49994-599F-4180-94BE-384311E2544C}.Release|Win32.ActiveCfg = Release|Win32
		{D7E49994-599F-4180-94BE-384311E2544C}.Release|Win32.Build.0 = Release|Win32
		{D7E49994-599F-4180-94BE-384311E2544C}.Release|x64.ActiveCfg = Release|Win32
		{D7E49994-599F-4180-94BE-384311E2544C}.ReleaseAD|Win32.ActiveCfg = Release|Win32
		{D7E49994-599F-4180-94BE-384311E2544C}.ReleaseAD|Win32.Build.0 = Release|Win32
		{D7E49994-599F-4180-94BE-384311E2544C}.ReleaseAD|x64.ActiveCfg = Release|Win32
		{D7E49994-599F-4180-94BE-384311E2544C}.ReleaseAS|Win32.ActiveCfg = Release|Win32
		{D7E49994-599F-4180-94BE-384311E2544C}.ReleaseAS|Win32.Build.0 = Release|Win32
		{D7E49994-599F-4180-94BE-384311E2544C}.ReleaseAS|x64.ActiveCfg = Release|Win32
		{78424708-1F6E-4D4B-920C-FB6D26847055}.Debug|Win32.ActiveCfg = DebugAS|Win32
		{78424708-1F6E-4D4B-920C-FB6D26847055}.Debug|Win32.Build.0 = DebugAS|Win32
		{78424708-1F6E-4D4B-920C-FB6D26847055}.Debug|x64.ActiveCfg = DebugAS|x64
		{78424708-1F6E-4D4B-920C-FB6D26847055}.Debug|x64.Build.0 = DebugAS|x64
		{78424708-1F6E-4D4B-920C-FB6D26847055}.DebugAD|Win32.ActiveCfg = DebugAD|Win32
		{78424708-1F6E-4D4B-920C-FB6D26847055}.DebugAD|Win32.Build.0 = DebugAD|Win32
		{78424708-1F6E-4D4B-920C-FB6D26847055}.DebugAD|x64.ActiveCfg = DebugAD|x64
		{78424708-1F6E-4D4B-920C-FB6D26847055}.DebugAD|x64.Build.0 = DebugAD|x64
		{78424708-1F6E-4D4B-920C-FB6D26847055}.DebugAS|Win32.ActiveCfg = DebugAS|Win32
		{78424708-1F6E-4D4B-920C-FB6D26847055}.DebugAS|Win32.Build.0 = DebugAS|Win32
		{78424708-1F6E-4D4B-920C-FB6D26847055}.DebugAS|x64.ActiveCfg = DebugAS|x64
		{78424708-1F6E-4D4B-920C-FB6D26847055}.DebugAS|x64.Build.0 = DebugAS|x64
		{78424708-1F6E-4D4B-920C-FB6D26847055}.DebugUnicode|Win32.ActiveCfg = DebugUS|Win32
		{78424708-1F6E-4D4B-920C-FB6D26847055}.DebugUnicode|Win32.Build.0 = DebugUS|Win32
		{78424708-1F6E-4D4B-920C-FB6D26847055}.DebugUnicode|x64.ActiveCfg = DebugUS|x64
		{78424708-1F6E-4D4B-920C-FB6D26847055}.DebugUnicode|x64.Build.0 = DebugUS|x64
		{78424708-1F6E-4D4B-920C-FB6D26847055}.Release|Win32.ActiveCfg = ReleaseAS|Win32
		{78424708-1F6E-4D4B-920C-FB6D26847055}.Release|Win32.Build.0 = ReleaseAS|Win32
		{78424708-1F6E-4D4B-920C-FB6D26847055}.Release|x64.ActiveCfg = ReleaseAS|x64
		{78424708-1F6E-4D4B-920C-FB6D26847055}.Release|x64.Build.0 = ReleaseAS|x64
		{78424708-1F6E-4D4B-920C-FB6D26847055}.ReleaseAD|Win32.ActiveCfg = ReleaseAD|Win32
		{78424708-1F6E-4D4B-920C-FB6D26847055}.ReleaseAD|Win32.Build.0 = ReleaseAD|Win32
		{78424708-1F6E-4D4B-920C-FB6D26847055}.ReleaseAD|x64.ActiveCfg = ReleaseAD|x64
		{78424708-1F6E-4D4B-920C-FB6D26847055}.ReleaseAD|x64.Build.0 = ReleaseAD|x64
		{78424708-1F6E-4D4B-920C-FB6D26847055}.ReleaseAS|Win32.ActiveCfg = ReleaseAS|Win32
		{78424708-1F6E-4D4B-920C-FB6D26847055}.ReleaseAS|Win32.Build.0 = ReleaseAS|Win32
		{78424708-1F6E-4D4B-920C-FB6D26847055}.ReleaseAS|x64.ActiveCfg = ReleaseAS|x64
		{78424708-1F6E-4D4B-920C-FB6D26847055}.ReleaseAS|x64.Build.0 = ReleaseAS|x64
	EndGlobalSection
	GlobalSection(SolutionProperties) = preSolution
		HideSolutionNode = FALSE
	EndGlobalSection
EndGlobal
